{
  "nodes": {
    "arduino-indexes": {
      "flake": false,
      "locked": {
        "lastModified": 1758326459,
        "narHash": "sha256-JlIiUy5uz0gL2YEO7hIx9h/wuRX8E4DXbVNTbtlOGYY=",
        "owner": "bouk",
        "repo": "arduino-indexes",
        "rev": "3a1433aa3892e96da263e17b3cfdaa3896161010",
        "type": "github"
      },
      "original": {
        "owner": "bouk",
        "repo": "arduino-indexes",
        "type": "github"
      }
    },
    "arduino-nix": {
      "locked": {
        "lastModified": 1758371181,
        "narHash": "sha256-DNPT7xDF/STfySv1nWywV3ipjlWNO8HsVGr59wPQHBg=",
        "owner": "SFrijters",
        "repo": "arduino-nix",
        "rev": "86f0bbfaf7d5329fb6c3ea6c227307be3f9ba428",
        "type": "github"
      },
      "original": {
        "owner": "SFrijters",
        "repo": "arduino-nix",
        "type": "github"
      }
    },
    "nixpkgs": {
      "locked": {
        "lastModified": 1758371333,
        "narHash": "sha256-GS8W1s3EyM1/HX6X8zxdxFqDpUESgaJRJqUnxPHollw=",
        "owner": "nixos",
        "repo": "nixpkgs",
        "rev": "4010ebb4e8bac045e72f70f2e6fd588e769440bc",
        "type": "github"
      },
      "original": {
        "owner": "nixos",
        "repo": "nixpkgs",
        "type": "github"
      }
    },
    "root": {
      "inputs": {
        "arduino-indexes": "arduino-indexes",
        "arduino-nix": "arduino-nix",
        "nixpkgs": "nixpkgs"
      }
    }
  },
  "root": "root",
  "version": 7
}
